
Microsoft Visual Studio Solution File, Format Version 12.00
# Visual Studio Version 17
VisualStudioVersion = 17.10.34916.146
MinimumVisualStudioVersion = 10.0.40219.1
Project("{9A19103F-16F7-4668-BE54-9A1E7A4F7556}") = "HelloWorldProgram", "HelloWorldProgram\HelloWorldProgram.csproj", "{2A4AF8CC-7E96-4096-810C-1E726AAA3223}"
EndProject
Project("{FAE04EC0-301F-11D3-BF4B-00C04F79EFBC}") = "program2", "program2\program2.csproj", "{28537B94-A4DA-483D-ABBE-97F163AB54FA}"
EndProject
Project("{FAE04EC0-301F-11D3-BF4B-00C04F79EFBC}") = "DefaultParameter", "DefaultParameter\DefaultParameter.csproj", "{290F2DB4-5B5A-4DD6-888A-28A94304ECB2}"
EndProject
Project("{FAE04EC0-301F-11D3-BF4B-00C04F79EFBC}") = "MethodOverLoading", "MethodOverLoading\MethodOverLoading.csproj", "{E8C6BDFB-5EE7-415E-8CE9-7B51AA3DD377}"
EndProject
Project("{FAE04EC0-301F-11D3-BF4B-00C04F79EFBC}") = "OOP-Class", "OOP-Class\OOP-Class.csproj", "{9360644A-9B42-49E2-89AD-5DDC6E76DA32}"
EndProject
Project("{FAE04EC0-301F-11D3-BF4B-00C04F79EFBC}") = "classOOPsClass2", "classOOPsClass2\classOOPsClass2.csproj", "{8C0902BD-D607-4BCD-ABD8-DE9BEFE3C6B5}"
EndProject
Project("{FAE04EC0-301F-11D3-BF4B-00C04F79EFBC}") = "ConstructorOOPs", "ConstructorOOPs\ConstructorOOPs.csproj", "{1F8F8FD5-5876-47EE-A601-DEAD4B29BFB0}"
EndProject
Project("{FAE04EC0-301F-11D3-BF4B-00C04F79EFBC}") = "AccessModifiers", "AccessModifiers\AccessModifiers.csproj", "{7C36C245-CB3C-402F-9175-5C49D04F3952}"
EndProject
Project("{FAE04EC0-301F-11D3-BF4B-00C04F79EFBC}") = "Properties", "Properties\Properties.csproj", "{3BE8A66D-CC7A-46A8-B0E4-CA38D03F424B}"
EndProject
Project("{FAE04EC0-301F-11D3-BF4B-00C04F79EFBC}") = "Inheritance", "Inheritance\Inheritance.csproj", "{61628436-D982-44CE-AE5D-9118A049785D}"
EndProject
Project("{FAE04EC0-301F-11D3-BF4B-00C04F79EFBC}") = "Polymorphism", "Polymorphism\Polymorphism.csproj", "{E2595A4D-806A-4CF0-A1FB-481C642205B4}"
EndProject
Project("{FAE04EC0-301F-11D3-BF4B-00C04F79EFBC}") = "Abstraction", "Abstraction\Abstraction.csproj", "{7B11F913-1EA7-472F-A40F-E16C2F431A5C}"
EndProject
Project("{FAE04EC0-301F-11D3-BF4B-00C04F79EFBC}") = "Interface", "Interface\Interface.csproj", "{4CC2D435-9919-4262-8E0F-46DD6C28BDA6}"
EndProject
Project("{FAE04EC0-301F-11D3-BF4B-00C04F79EFBC}") = "Multiple Interface", "Multiple Interface\Multiple Interface.csproj", "{C749D00F-B6D3-404E-B455-AFD2623C2A47}"
EndProject
Project("{FAE04EC0-301F-11D3-BF4B-00C04F79EFBC}") = "Enum", "Enum\Enum.csproj", "{5A054EE1-C9DB-4178-98DE-C7E2FD390A6D}"
EndProject
Project("{FAE04EC0-301F-11D3-BF4B-00C04F79EFBC}") = "ReadWrite Files", "ReadWrite Files\ReadWrite Files.csproj", "{E65AA6CC-3DAE-4444-97C4-0203F018F2D6}"
EndProject
Project("{FAE04EC0-301F-11D3-BF4B-00C04F79EFBC}") = "Exceptions", "Exceptions\Exceptions.csproj", "{8D64CA01-83F4-4640-A672-7B892B9599F4}"
EndProject
Project("{FAE04EC0-301F-11D3-BF4B-00C04F79EFBC}") = "Exceptions Class Test", "Exceptions Class Test\Exceptions Class Test.csproj", "{2C60B9D0-E791-490B-BB5A-C3CB3C184D08}"
EndProject
Global
	GlobalSection(SolutionConfigurationPlatforms) = preSolution
		Debug|Any CPU = Debug|Any CPU
		Release|Any CPU = Release|Any CPU
	EndGlobalSection
	GlobalSection(ProjectConfigurationPlatforms) = postSolution
		{2A4AF8CC-7E96-4096-810C-1E726AAA3223}.Debug|Any CPU.ActiveCfg = Debug|Any CPU
		{2A4AF8CC-7E96-4096-810C-1E726AAA3223}.Debug|Any CPU.Build.0 = Debug|Any CPU
		{2A4AF8CC-7E96-4096-810C-1E726AAA3223}.Release|Any CPU.ActiveCfg = Release|Any CPU
		{2A4AF8CC-7E96-4096-810C-1E726AAA3223}.Release|Any CPU.Build.0 = Release|Any CPU
		{28537B94-A4DA-483D-ABBE-97F163AB54FA}.Debug|Any CPU.ActiveCfg = Debug|Any CPU
		{28537B94-A4DA-483D-ABBE-97F163AB54FA}.Debug|Any CPU.Build.0 = Debug|Any CPU
		{28537B94-A4DA-483D-ABBE-97F163AB54FA}.Release|Any CPU.ActiveCfg = Release|Any CPU
		{28537B94-A4DA-483D-ABBE-97F163AB54FA}.Release|Any CPU.Build.0 = Release|Any CPU
		{290F2DB4-5B5A-4DD6-888A-28A94304ECB2}.Debug|Any CPU.ActiveCfg = Debug|Any CPU
		{290F2DB4-5B5A-4DD6-888A-28A94304ECB2}.Debug|Any CPU.Build.0 = Debug|Any CPU
		{290F2DB4-5B5A-4DD6-888A-28A94304ECB2}.Release|Any CPU.ActiveCfg = Release|Any CPU
		{290F2DB4-5B5A-4DD6-888A-28A94304ECB2}.Release|Any CPU.Build.0 = Release|Any CPU
		{E8C6BDFB-5EE7-415E-8CE9-7B51AA3DD377}.Debug|Any CPU.ActiveCfg = Debug|Any CPU
		{E8C6BDFB-5EE7-415E-8CE9-7B51AA3DD377}.Debug|Any CPU.Build.0 = Debug|Any CPU
		{E8C6BDFB-5EE7-415E-8CE9-7B51AA3DD377}.Release|Any CPU.ActiveCfg = Release|Any CPU
		{E8C6BDFB-5EE7-415E-8CE9-7B51AA3DD377}.Release|Any CPU.Build.0 = Release|Any CPU
		{9360644A-9B42-49E2-89AD-5DDC6E76DA32}.Debug|Any CPU.ActiveCfg = Debug|Any CPU
		{9360644A-9B42-49E2-89AD-5DDC6E76DA32}.Debug|Any CPU.Build.0 = Debug|Any CPU
		{9360644A-9B42-49E2-89AD-5DDC6E76DA32}.Release|Any CPU.ActiveCfg = Release|Any CPU
		{9360644A-9B42-49E2-89AD-5DDC6E76DA32}.Release|Any CPU.Build.0 = Release|Any CPU
		{8C0902BD-D607-4BCD-ABD8-DE9BEFE3C6B5}.Debug|Any CPU.ActiveCfg = Debug|Any CPU
		{8C0902BD-D607-4BCD-ABD8-DE9BEFE3C6B5}.Debug|Any CPU.Build.0 = Debug|Any CPU
		{8C0902BD-D607-4BCD-ABD8-DE9BEFE3C6B5}.Release|Any CPU.ActiveCfg = Release|Any CPU
		{8C0902BD-D607-4BCD-ABD8-DE9BEFE3C6B5}.Release|Any CPU.Build.0 = Release|Any CPU
		{1F8F8FD5-5876-47EE-A601-DEAD4B29BFB0}.Debug|Any CPU.ActiveCfg = Debug|Any CPU
		{1F8F8FD5-5876-47EE-A601-DEAD4B29BFB0}.Debug|Any CPU.Build.0 = Debug|Any CPU
		{1F8F8FD5-5876-47EE-A601-DEAD4B29BFB0}.Release|Any CPU.ActiveCfg = Release|Any CPU
		{1F8F8FD5-5876-47EE-A601-DEAD4B29BFB0}.Release|Any CPU.Build.0 = Release|Any CPU
		{7C36C245-CB3C-402F-9175-5C49D04F3952}.Debug|Any CPU.ActiveCfg = Debug|Any CPU
		{7C36C245-CB3C-402F-9175-5C49D04F3952}.Debug|Any CPU.Build.0 = Debug|Any CPU
		{7C36C245-CB3C-402F-9175-5C49D04F3952}.Release|Any CPU.ActiveCfg = Release|Any CPU
		{7C36C245-CB3C-402F-9175-5C49D04F3952}.Release|Any CPU.Build.0 = Release|Any CPU
		{3BE8A66D-CC7A-46A8-B0E4-CA38D03F424B}.Debug|Any CPU.ActiveCfg = Debug|Any CPU
		{3BE8A66D-CC7A-46A8-B0E4-CA38D03F424B}.Debug|Any CPU.Build.0 = Debug|Any CPU
		{3BE8A66D-CC7A-46A8-B0E4-CA38D03F424B}.Release|Any CPU.ActiveCfg = Release|Any CPU
		{3BE8A66D-CC7A-46A8-B0E4-CA38D03F424B}.Release|Any CPU.Build.0 = Release|Any CPU
		{61628436-D982-44CE-AE5D-9118A049785D}.Debug|Any CPU.ActiveCfg = Debug|Any CPU
		{61628436-D982-44CE-AE5D-9118A049785D}.Debug|Any CPU.Build.0 = Debug|Any CPU
		{61628436-D982-44CE-AE5D-9118A049785D}.Release|Any CPU.ActiveCfg = Release|Any CPU
		{61628436-D982-44CE-AE5D-9118A049785D}.Release|Any CPU.Build.0 = Release|Any CPU
		{E2595A4D-806A-4CF0-A1FB-481C642205B4}.Debug|Any CPU.ActiveCfg = Debug|Any CPU
		{E2595A4D-806A-4CF0-A1FB-481C642205B4}.Debug|Any CPU.Build.0 = Debug|Any CPU
		{E2595A4D-806A-4CF0-A1FB-481C642205B4}.Release|Any CPU.ActiveCfg = Release|Any CPU
		{E2595A4D-806A-4CF0-A1FB-481C642205B4}.Release|Any CPU.Build.0 = Release|Any CPU
		{7B11F913-1EA7-472F-A40F-E16C2F431A5C}.Debug|Any CPU.ActiveCfg = Debug|Any CPU
		{7B11F913-1EA7-472F-A40F-E16C2F431A5C}.Debug|Any CPU.Build.0 = Debug|Any CPU
		{7B11F913-1EA7-472F-A40F-E16C2F431A5C}.Release|Any CPU.ActiveCfg = Release|Any CPU
		{7B11F913-1EA7-472F-A40F-E16C2F431A5C}.Release|Any CPU.Build.0 = Release|Any CPU
		{4CC2D435-9919-4262-8E0F-46DD6C28BDA6}.Debug|Any CPU.ActiveCfg = Debug|Any CPU
		{4CC2D435-9919-4262-8E0F-46DD6C28BDA6}.Debug|Any CPU.Build.0 = Debug|Any CPU
		{4CC2D435-9919-4262-8E0F-46DD6C28BDA6}.Release|Any CPU.ActiveCfg = Release|Any CPU
		{4CC2D435-9919-4262-8E0F-46DD6C28BDA6}.Release|Any CPU.Build.0 = Release|Any CPU
		{C749D00F-B6D3-404E-B455-AFD2623C2A47}.Debug|Any CPU.ActiveCfg = Debug|Any CPU
		{C749D00F-B6D3-404E-B455-AFD2623C2A47}.Debug|Any CPU.Build.0 = Debug|Any CPU
		{C749D00F-B6D3-404E-B455-AFD2623C2A47}.Release|Any CPU.ActiveCfg = Release|Any CPU
		{C749D00F-B6D3-404E-B455-AFD2623C2A47}.Release|Any CPU.Build.0 = Release|Any CPU
		{5A054EE1-C9DB-4178-98DE-C7E2FD390A6D}.Debug|Any CPU.ActiveCfg = Debug|Any CPU
		{5A054EE1-C9DB-4178-98DE-C7E2FD390A6D}.Debug|Any CPU.Build.0 = Debug|Any CPU
		{5A054EE1-C9DB-4178-98DE-C7E2FD390A6D}.Release|Any CPU.ActiveCfg = Release|Any CPU
		{5A054EE1-C9DB-4178-98DE-C7E2FD390A6D}.Release|Any CPU.Build.0 = Release|Any CPU
		{E65AA6CC-3DAE-4444-97C4-0203F018F2D6}.Debug|Any CPU.ActiveCfg = Debug|Any CPU
		{E65AA6CC-3DAE-4444-97C4-0203F018F2D6}.Debug|Any CPU.Build.0 = Debug|Any CPU
		{E65AA6CC-3DAE-4444-97C4-0203F018F2D6}.Release|Any CPU.ActiveCfg = Release|Any CPU
		{E65AA6CC-3DAE-4444-97C4-0203F018F2D6}.Release|Any CPU.Build.0 = Release|Any CPU
		{8D64CA01-83F4-4640-A672-7B892B9599F4}.Debug|Any CPU.ActiveCfg = Debug|Any CPU
		{8D64CA01-83F4-4640-A672-7B892B9599F4}.Debug|Any CPU.Build.0 = Debug|Any CPU
		{8D64CA01-83F4-4640-A672-7B892B9599F4}.Release|Any CPU.ActiveCfg = Release|Any CPU
		{8D64CA01-83F4-4640-A672-7B892B9599F4}.Release|Any CPU.Build.0 = Release|Any CPU
		{2C60B9D0-E791-490B-BB5A-C3CB3C184D08}.Debug|Any CPU.ActiveCfg = Debug|Any CPU
		{2C60B9D0-E791-490B-BB5A-C3CB3C184D08}.Debug|Any CPU.Build.0 = Debug|Any CPU
		{2C60B9D0-E791-490B-BB5A-C3CB3C184D08}.Release|Any CPU.ActiveCfg = Release|Any CPU
		{2C60B9D0-E791-490B-BB5A-C3CB3C184D08}.Release|Any CPU.Build.0 = Release|Any CPU
	EndGlobalSection
	GlobalSection(SolutionProperties) = preSolution
		HideSolutionNode = FALSE
	EndGlobalSection
	GlobalSection(ExtensibilityGlobals) = postSolution
		SolutionGuid = {6322EC52-C3BE-40BB-8315-39B578BF982E}
	EndGlobalSection
EndGlobal
